lockfileVersion: '9.0'
settings:
  autoInstallPeers: true
  excludeLinksFromLockfile: false
packages:
  /:
    specifiers:
      turbo: ^2.0.0
      @types/node: ^22
      typescript: ^5.9.2
    dependencies:
      turbo: 2.0.0
    devDependencies:
      @types/node: 22.9.0
      typescript: 5.9.2
  apps/web:
    specifiers:
      next: 15.5.3
      react: 19.1.0
      react-dom: 19.1.0
      @supabase/supabase-js: ^2.39.0
      @supabase/ssr: ^0.5.1
      tailwindcss: ^3.4.0
      autoprefixer: ^10.4.16
      postcss: ^8.4.32
      yaml: ^2.8.1
      web-vitals: ^4.2.4
      @sentry/nextjs: ^8.45.0
      zod: ^3.22.4
      @types/node: ^22
      @types/react: ^19
      @types/react-dom: ^19
      typescript: ^5.9.2
      eslint: ^8.57.0
      eslint-config-next: 15.5.3
      webpack-bundle-analyzer: ^4.10.1
      lighthouse: ^12.0.0
      artillery: ^2.0.0
    dependencies:
      next: 15.5.3
      react: 19.1.0
      react-dom: 19.1.0
      @supabase/supabase-js: 2.39.0
      @supabase/ssr: 0.5.1
      tailwindcss: 3.4.0
      autoprefixer: 10.4.16
      postcss: 8.4.32
      yaml: 2.8.1
      web-vitals: 4.2.4
      @sentry/nextjs: 8.45.0
      zod: 3.22.4
    devDependencies:
      @types/node: 22.9.0
      @types/react: 19.0.8
      @types/react-dom: 19.0.3
      typescript: 5.9.2
      eslint: 8.57.0
      eslint-config-next: 15.5.3
      webpack-bundle-analyzer: 4.10.1
      lighthouse: 12.0.0
      artillery: 2.0.0
  packages/ui:
    specifiers:
      @radix-ui/react-slot: ^1.1.0
      class-variance-authority: ^0.7.0
      clsx: ^2.1.1
      lucide-react: ^0.460.0
      tailwind-merge: ^2.5.4
      @types/react: ^19
      @types/react-dom: ^19
      @typescript-eslint/eslint-plugin: ^8.15.0
      @typescript-eslint/parser: ^8.15.0
      eslint: ^9.15.0
      eslint-plugin-react: ^7.37.2
      eslint-plugin-react-hooks: ^5.0.0
      react: ^19.1.0
      react-dom: ^19.1.0
      tsup: ^8.0.2
      typescript: ^5.9.2
    dependencies:
      @radix-ui/react-slot: 1.1.0
      class-variance-authority: 0.7.0
      clsx: 2.1.1
      lucide-react: 0.460.0
      tailwind-merge: 2.5.4
    devDependencies:
      @types/react: 19.0.8
      @types/react-dom: 19.0.3
      @typescript-eslint/eslint-plugin: 8.15.0
      @typescript-eslint/parser: 8.15.0
      eslint: 9.15.0
      eslint-plugin-react: 7.37.2
      eslint-plugin-react-hooks: 5.0.0
      react: 19.1.0
      react-dom: 19.1.0
      tsup: 8.0.2
      typescript: 5.9.2
